PODS:
  - Flutter (1.0.0)
  - mandarin_to_latin (0.0.1):
    - Flutter

DEPENDENCIES:
  - Flutter (from `Flutter`)
  - mandarin_to_latin (from `.symlinks/plugins/mandarin_to_latin/ios`)

EXTERNAL SOURCES:
  Flutter:
    :path: Flutter
  mandarin_to_latin:
    :path: ".symlinks/plugins/mandarin_to_latin/ios"

SPEC CHECKSUMS:
  Flutter: 0e3d915762c693b495b44d77113d4970485de6ec
  mandarin_to_latin: 8b333f698c7b46182e963f97aa56fd63533f9b13

PODFILE CHECKSUM: 25b91acee0ff72bcf633da45037b8ea87d2ce302

COCOAPODS: 1.9.1
